// !$*UTF8*$!
{
	archiveVersion = 1;
	classes = {
	};
	objectVersion = 50;
	objects = {

/* Begin PBXBuildFile section */
		8824BDCB2619E8E60078409E /* NewTaskItemView.swift in Sources */ = {isa = PBXBuildFile; fileRef = 8824BDCA2619E8E60078409E /* NewTaskItemView.swift */; };
		8824BDCE2619F8870078409E /* BlankView.swift in Sources */ = {isa = PBXBuildFile; fileRef = 8824BDCD2619F8870078409E /* BlankView.swift */; };
		8824BDD1261A04E70078409E /* ListRowItemView.swift in Sources */ = {isa = PBXBuildFile; fileRef = 8824BDD0261A04E70078409E /* ListRowItemView.swift */; };
		8824BDD4261A07D10078409E /* CheckboxStyle.swift in Sources */ = {isa = PBXBuildFile; fileRef = 8824BDD3261A07D10078409E /* CheckboxStyle.swift */; };
		888792DE2617385700BDAFC9 /* DevoteApp.swift in Sources */ = {isa = PBXBuildFile; fileRef = 888792DD2617385700BDAFC9 /* DevoteApp.swift */; };
		888792E02617385700BDAFC9 /* ContentView.swift in Sources */ = {isa = PBXBuildFile; fileRef = 888792DF2617385700BDAFC9 /* ContentView.swift */; };
		888792E22617385700BDAFC9 /* Assets.xcassets in Resources */ = {isa = PBXBuildFile; fileRef = 888792E12617385700BDAFC9 /* Assets.xcassets */; };
		888792E52617385700BDAFC9 /* Preview Assets.xcassets in Resources */ = {isa = PBXBuildFile; fileRef = 888792E42617385700BDAFC9 /* Preview Assets.xcassets */; };
		888792E72617385700BDAFC9 /* Persistence.swift in Sources */ = {isa = PBXBuildFile; fileRef = 888792E62617385700BDAFC9 /* Persistence.swift */; };
		888792EA2617385700BDAFC9 /* Devote.xcdatamodeld in Sources */ = {isa = PBXBuildFile; fileRef = 888792E82617385700BDAFC9 /* Devote.xcdatamodeld */; };
		888792F5261738F500BDAFC9 /* sound-rise.mp3 in Resources */ = {isa = PBXBuildFile; fileRef = 888792F2261738F500BDAFC9 /* sound-rise.mp3 */; };
		888792F6261738F500BDAFC9 /* sound-tap.mp3 in Resources */ = {isa = PBXBuildFile; fileRef = 888792F3261738F500BDAFC9 /* sound-tap.mp3 */; };
		888792F7261738F500BDAFC9 /* sound-ding.mp3 in Resources */ = {isa = PBXBuildFile; fileRef = 888792F4261738F500BDAFC9 /* sound-ding.mp3 */; };
		888FB59B2618E6F400C4EA8A /* Constant.swift in Sources */ = {isa = PBXBuildFile; fileRef = 888FB59A2618E6F400C4EA8A /* Constant.swift */; };
		888FB59E2618EFF700C4EA8A /* HideKeyboardExtension.swift in Sources */ = {isa = PBXBuildFile; fileRef = 888FB59D2618EFF700C4EA8A /* HideKeyboardExtension.swift */; };
		88E5E0FF2619E61C00EF7BAB /* BackgroundImageView.swift in Sources */ = {isa = PBXBuildFile; fileRef = 88E5E0FE2619E61C00EF7BAB /* BackgroundImageView.swift */; };
/* End PBXBuildFile section */

/* Begin PBXFileReference section */
		8824BDCA2619E8E60078409E /* NewTaskItemView.swift */ = {isa = PBXFileReference; lastKnownFileType = sourcecode.swift; path = NewTaskItemView.swift; sourceTree = "<group>"; };
		8824BDCD2619F8870078409E /* BlankView.swift */ = {isa = PBXFileReference; lastKnownFileType = sourcecode.swift; path = BlankView.swift; sourceTree = "<group>"; };
		8824BDD0261A04E70078409E /* ListRowItemView.swift */ = {isa = PBXFileReference; lastKnownFileType = sourcecode.swift; path = ListRowItemView.swift; sourceTree = "<group>"; };
		8824BDD3261A07D10078409E /* CheckboxStyle.swift */ = {isa = PBXFileReference; lastKnownFileType = sourcecode.swift; path = CheckboxStyle.swift; sourceTree = "<group>"; };
		888792DA2617385700BDAFC9 /* Devote.app */ = {isa = PBXFileReference; explicitFileType = wrapper.application; includeInIndex = 0; path = Devote.app; sourceTree = BUILT_PRODUCTS_DIR; };
		888792DD2617385700BDAFC9 /* DevoteApp.swift */ = {isa = PBXFileReference; lastKnownFileType = sourcecode.swift; path = DevoteApp.swift; sourceTree = "<group>"; };
		888792DF2617385700BDAFC9 /* ContentView.swift */ = {isa = PBXFileReference; lastKnownFileType = sourcecode.swift; path = ContentView.swift; sourceTree = "<group>"; };
		888792E12617385700BDAFC9 /* Assets.xcassets */ = {isa = PBXFileReference; lastKnownFileType = folder.assetcatalog; path = Assets.xcassets; sourceTree = "<group>"; };
		888792E42617385700BDAFC9 /* Preview Assets.xcassets */ = {isa = PBXFileReference; lastKnownFileType = folder.assetcatalog; path = "Preview Assets.xcassets"; sourceTree = "<group>"; };
		888792E62617385700BDAFC9 /* Persistence.swift */ = {isa = PBXFileReference; lastKnownFileType = sourcecode.swift; path = Persistence.swift; sourceTree = "<group>"; };
		888792E92617385700BDAFC9 /* Devote.xcdatamodel */ = {isa = PBXFileReference; lastKnownFileType = wrapper.xcdatamodel; path = Devote.xcdatamodel; sourceTree = "<group>"; };
		888792EB2617385700BDAFC9 /* Info.plist */ = {isa = PBXFileReference; lastKnownFileType = text.plist.xml; path = Info.plist; sourceTree = "<group>"; };
		888792F2261738F500BDAFC9 /* sound-rise.mp3 */ = {isa = PBXFileReference; lastKnownFileType = audio.mp3; path = "sound-rise.mp3"; sourceTree = "<group>"; };
		888792F3261738F500BDAFC9 /* sound-tap.mp3 */ = {isa = PBXFileReference; lastKnownFileType = audio.mp3; path = "sound-tap.mp3"; sourceTree = "<group>"; };
		888792F4261738F500BDAFC9 /* sound-ding.mp3 */ = {isa = PBXFileReference; lastKnownFileType = audio.mp3; path = "sound-ding.mp3"; sourceTree = "<group>"; };
		888FB59A2618E6F400C4EA8A /* Constant.swift */ = {isa = PBXFileReference; lastKnownFileType = sourcecode.swift; path = Constant.swift; sourceTree = "<group>"; };
		888FB59D2618EFF700C4EA8A /* HideKeyboardExtension.swift */ = {isa = PBXFileReference; lastKnownFileType = sourcecode.swift; path = HideKeyboardExtension.swift; sourceTree = "<group>"; };
		88E5E0FE2619E61C00EF7BAB /* BackgroundImageView.swift */ = {isa = PBXFileReference; lastKnownFileType = sourcecode.swift; path = BackgroundImageView.swift; sourceTree = "<group>"; };
/* End PBXFileReference section */

/* Begin PBXFrameworksBuildPhase section */
		888792D72617385700BDAFC9 /* Frameworks */ = {
			isa = PBXFrameworksBuildPhase;
			buildActionMask = 2147483647;
			files = (
			);
			runOnlyForDeploymentPostprocessing = 0;
		};
/* End PBXFrameworksBuildPhase section */

/* Begin PBXGroup section */
		888792D12617385700BDAFC9 = {
			isa = PBXGroup;
			children = (
				888792DC2617385700BDAFC9 /* Devote */,
				888792DB2617385700BDAFC9 /* Products */,
			);
			sourceTree = "<group>";
		};
		888792DB2617385700BDAFC9 /* Products */ = {
			isa = PBXGroup;
			children = (
				888792DA2617385700BDAFC9 /* Devote.app */,
			);
			name = Products;
			sourceTree = "<group>";
		};
		888792DC2617385700BDAFC9 /* Devote */ = {
			isa = PBXGroup;
			children = (
				888792DD2617385700BDAFC9 /* DevoteApp.swift */,
				888792FA26173A5000BDAFC9 /* View */,
				88A457A226173D44002D3599 /* Model */,
				88A457A126173D33002D3599 /* Style */,
				88A457A026173D22002D3599 /* Utility */,
				88A4579F26173D11002D3599 /* Extension */,
				888792F92617393300BDAFC9 /* Sound */,
				888792E12617385700BDAFC9 /* Assets.xcassets */,
				888792EB2617385700BDAFC9 /* Info.plist */,
				888792E32617385700BDAFC9 /* Preview Content */,
			);
			path = Devote;
			sourceTree = "<group>";
		};
		888792E32617385700BDAFC9 /* Preview Content */ = {
			isa = PBXGroup;
			children = (
				888792E42617385700BDAFC9 /* Preview Assets.xcassets */,
			);
			path = "Preview Content";
			sourceTree = "<group>";
		};
		888792F92617393300BDAFC9 /* Sound */ = {
			isa = PBXGroup;
			children = (
				888792F4261738F500BDAFC9 /* sound-ding.mp3 */,
				888792F2261738F500BDAFC9 /* sound-rise.mp3 */,
				888792F3261738F500BDAFC9 /* sound-tap.mp3 */,
			);
			path = Sound;
			sourceTree = "<group>";
		};
		888792FA26173A5000BDAFC9 /* View */ = {
			isa = PBXGroup;
			children = (
				888792DF2617385700BDAFC9 /* ContentView.swift */,
				88E5E0FE2619E61C00EF7BAB /* BackgroundImageView.swift */,
				8824BDCA2619E8E60078409E /* NewTaskItemView.swift */,
				8824BDCD2619F8870078409E /* BlankView.swift */,
				8824BDD0261A04E70078409E /* ListRowItemView.swift */,
			);
			path = View;
			sourceTree = "<group>";
		};
		88A4579F26173D11002D3599 /* Extension */ = {
			isa = PBXGroup;
			children = (
				888FB59D2618EFF700C4EA8A /* HideKeyboardExtension.swift */,
			);
			path = Extension;
			sourceTree = "<group>";
		};
		88A457A026173D22002D3599 /* Utility */ = {
			isa = PBXGroup;
			children = (
				888FB59A2618E6F400C4EA8A /* Constant.swift */,
			);
			path = Utility;
			sourceTree = "<group>";
		};
		88A457A126173D33002D3599 /* Style */ = {
			isa = PBXGroup;
			children = (
				8824BDD3261A07D10078409E /* CheckboxStyle.swift */,
			);
			path = Style;
			sourceTree = "<group>";
		};
		88A457A226173D44002D3599 /* Model */ = {
			isa = PBXGroup;
			children = (
				888792E62617385700BDAFC9 /* Persistence.swift */,
				888792E82617385700BDAFC9 /* Devote.xcdatamodeld */,
			);
			path = Model;
			sourceTree = "<group>";
		};
/* End PBXGroup section */

/* Begin PBXNativeTarget section */
		888792D92617385700BDAFC9 /* Devote */ = {
			isa = PBXNativeTarget;
			buildConfigurationList = 888792EE2617385700BDAFC9 /* Build configuration list for PBXNativeTarget "Devote" */;
			buildPhases = (
				888792D62617385700BDAFC9 /* Sources */,
				888792D72617385700BDAFC9 /* Frameworks */,
				888792D82617385700BDAFC9 /* Resources */,
			);
			buildRules = (
			);
			dependencies = (
			);
			name = Devote;
			productName = Devote;
			productReference = 888792DA2617385700BDAFC9 /* Devote.app */;
			productType = "com.apple.product-type.application";
		};
/* End PBXNativeTarget section */

/* Begin PBXProject section */
		888792D22617385700BDAFC9 /* Project object */ = {
			isa = PBXProject;
			attributes = {
				LastSwiftUpdateCheck = 1240;
				LastUpgradeCheck = 1240;
				TargetAttributes = {
					888792D92617385700BDAFC9 = {
						CreatedOnToolsVersion = 12.4;
					};
				};
			};
			buildConfigurationList = 888792D52617385700BDAFC9 /* Build configuration list for PBXProject "Devote" */;
			compatibilityVersion = "Xcode 9.3";
			developmentRegion = en;
			hasScannedForEncodings = 0;
			knownRegions = (
				en,
				Base,
			);
			mainGroup = 888792D12617385700BDAFC9;
			productRefGroup = 888792DB2617385700BDAFC9 /* Products */;
			projectDirPath = "";
			projectRoot = "";
			targets = (
				888792D92617385700BDAFC9 /* Devote */,
			);
		};
/* End PBXProject section */

/* Begin PBXResourcesBuildPhase section */
		888792D82617385700BDAFC9 /* Resources */ = {
			isa = PBXResourcesBuildPhase;
			buildActionMask = 2147483647;
			files = (
				888792F7261738F500BDAFC9 /* sound-ding.mp3 in Resources */,
				888792F5261738F500BDAFC9 /* sound-rise.mp3 in Resources */,
				888792E52617385700BDAFC9 /* Preview Assets.xcassets in Resources */,
				888792F6261738F500BDAFC9 /* sound-tap.mp3 in Resources */,
				888792E22617385700BDAFC9 /* Assets.xcassets in Resources */,
			);
			runOnlyForDeploymentPostprocessing = 0;
		};
/* End PBXResourcesBuildPhase section */

/* Begin PBXSourcesBuildPhase section */
		888792D62617385700BDAFC9 /* Sources */ = {
			isa = PBXSourcesBuildPhase;
			buildActionMask = 2147483647;
			files = (
				888792E72617385700BDAFC9 /* Persistence.swift in Sources */,
				88E5E0FF2619E61C00EF7BAB /* BackgroundImageView.swift in Sources */,
				888792E02617385700BDAFC9 /* ContentView.swift in Sources */,
				888FB59E2618EFF700C4EA8A /* HideKeyboardExtension.swift in Sources */,
				8824BDCE2619F8870078409E /* BlankView.swift in Sources */,
				888FB59B2618E6F400C4EA8A /* Constant.swift in Sources */,
				8824BDD1261A04E70078409E /* ListRowItemView.swift in Sources */,
				888792EA2617385700BDAFC9 /* Devote.xcdatamodeld in Sources */,
				888792DE2617385700BDAFC9 /* DevoteApp.swift in Sources */,
				8824BDD4261A07D10078409E /* CheckboxStyle.swift in Sources */,
				8824BDCB2619E8E60078409E /* NewTaskItemView.swift in Sources */,
			);
			runOnlyForDeploymentPostprocessing = 0;
		};
/* End PBXSourcesBuildPhase section */

/* Begin XCBuildConfiguration section */
		888792EC2617385700BDAFC9 /* Debug */ = {
			isa = XCBuildConfiguration;
			buildSettings = {
				ALWAYS_SEARCH_USER_PATHS = NO;
				CLANG_ANALYZER_NONNULL = YES;
				CLANG_ANALYZER_NUMBER_OBJECT_CONVERSION = YES_AGGRESSIVE;
				CLANG_CXX_LANGUAGE_STANDARD = "gnu++14";
				CLANG_CXX_LIBRARY = "libc++";
				CLANG_ENABLE_MODULES = YES;
				CLANG_ENABLE_OBJC_ARC = YES;
				CLANG_ENABLE_OBJC_WEAK = YES;
				CLANG_WARN_BLOCK_CAPTURE_AUTORELEASING = YES;
				CLANG_WARN_BOOL_CONVERSION = YES;
				CLANG_WARN_COMMA = YES;
				CLANG_WARN_CONSTANT_CONVERSION = YES;
				CLANG_WARN_DEPRECATED_OBJC_IMPLEMENTATIONS = YES;
				CLANG_WARN_DIRECT_OBJC_ISA_USAGE = YES_ERROR;
				CLANG_WARN_DOCUMENTATION_COMMENTS = YES;
				CLANG_WARN_EMPTY_BODY = YES;
				CLANG_WARN_ENUM_CONVERSION = YES;
				CLANG_WARN_INFINITE_RECURSION = YES;
				CLANG_WARN_INT_CONVERSION = YES;
				CLANG_WARN_NON_LITERAL_NULL_CONVERSION = YES;
				CLANG_WARN_OBJC_IMPLICIT_RETAIN_SELF = YES;
				CLANG_WARN_OBJC_LITERAL_CONVERSION = YES;
				CLANG_WARN_OBJC_ROOT_CLASS = YES_ERROR;
				CLANG_WARN_QUOTED_INCLUDE_IN_FRAMEWORK_HEADER = YES;
				CLANG_WARN_RANGE_LOOP_ANALYSIS = YES;
				CLANG_WARN_STRICT_PROTOTYPES = YES;
				CLANG_WARN_SUSPICIOUS_MOVE = YES;
				CLANG_WARN_UNGUARDED_AVAILABILITY = YES_AGGRESSIVE;
				CLANG_WARN_UNREACHABLE_CODE = YES;
				CLANG_WARN__DUPLICATE_METHOD_MATCH = YES;
				COPY_PHASE_STRIP = NO;
				DEBUG_INFORMATION_FORMAT = dwarf;
				ENABLE_STRICT_OBJC_MSGSEND = YES;
				ENABLE_TESTABILITY = YES;
				GCC_C_LANGUAGE_STANDARD = gnu11;
				GCC_DYNAMIC_NO_PIC = NO;
				GCC_NO_COMMON_BLOCKS = YES;
				GCC_OPTIMIZATION_LEVEL = 0;
				GCC_PREPROCESSOR_DEFINITIONS = (
					"DEBUG=1",
					"$(inherited)",
				);
				GCC_WARN_64_TO_32_BIT_CONVERSION = YES;
				GCC_WARN_ABOUT_RETURN_TYPE = YES_ERROR;
				GCC_WARN_UNDECLARED_SELECTOR = YES;
				GCC_WARN_UNINITIALIZED_AUTOS = YES_AGGRESSIVE;
				GCC_WARN_UNUSED_FUNCTION = YES;
				GCC_WARN_UNUSED_VARIABLE = YES;
				IPHONEOS_DEPLOYMENT_TARGET = 14.4;
				MTL_ENABLE_DEBUG_INFO = INCLUDE_SOURCE;
				MTL_FAST_MATH = YES;
				ONLY_ACTIVE_ARCH = YES;
				SDKROOT = iphoneos;
				SWIFT_ACTIVE_COMPILATION_CONDITIONS = DEBUG;
				SWIFT_OPTIMIZATION_LEVEL = "-Onone";
			};
			name = Debug;
		};
		888792ED2617385700BDAFC9 /* Release */ = {
			isa = XCBuildConfiguration;
			buildSettings = {
				ALWAYS_SEARCH_USER_PATHS = NO;
				CLANG_ANALYZER_NONNULL = YES;
				CLANG_ANALYZER_NUMBER_OBJECT_CONVERSION = YES_AGGRESSIVE;
				CLANG_CXX_LANGUAGE_STANDARD = "gnu++14";
				CLANG_CXX_LIBRARY = "libc++";
				CLANG_ENABLE_MODULES = YES;
				CLANG_ENABLE_OBJC_ARC = YES;
				CLANG_ENABLE_OBJC_WEAK = YES;
				CLANG_WARN_BLOCK_CAPTURE_AUTORELEASING = YES;
				CLANG_WARN_BOOL_CONVERSION = YES;
				CLANG_WARN_COMMA = YES;
				CLANG_WARN_CONSTANT_CONVERSION = YES;
				CLANG_WARN_DEPRECATED_OBJC_IMPLEMENTATIONS = YES;
				CLANG_WARN_DIRECT_OBJC_ISA_USAGE = YES_ERROR;
				CLANG_WARN_DOCUMENTATION_COMMENTS = YES;
				CLANG_WARN_EMPTY_BODY = YES;
				CLANG_WARN_ENUM_CONVERSION = YES;
				CLANG_WARN_INFINITE_RECURSION = YES;
				CLANG_WARN_INT_CONVERSION = YES;
				CLANG_WARN_NON_LITERAL_NULL_CONVERSION = YES;
				CLANG_WARN_OBJC_IMPLICIT_RETAIN_SELF = YES;
				CLANG_WARN_OBJC_LITERAL_CONVERSION = YES;
				CLANG_WARN_OBJC_ROOT_CLASS = YES_ERROR;
				CLANG_WARN_QUOTED_INCLUDE_IN_FRAMEWORK_HEADER = YES;
				CLANG_WARN_RANGE_LOOP_ANALYSIS = YES;
				CLANG_WARN_STRICT_PROTOTYPES = YES;
				CLANG_WARN_SUSPICIOUS_MOVE = YES;
				CLANG_WARN_UNGUARDED_AVAILABILITY = YES_AGGRESSIVE;
				CLANG_WARN_UNREACHABLE_CODE = YES;
				CLANG_WARN__DUPLICATE_METHOD_MATCH = YES;
				COPY_PHASE_STRIP = NO;
				DEBUG_INFORMATION_FORMAT = "dwarf-with-dsym";
				ENABLE_NS_ASSERTIONS = NO;
				ENABLE_STRICT_OBJC_MSGSEND = YES;
				GCC_C_LANGUAGE_STANDARD = gnu11;
				GCC_NO_COMMON_BLOCKS = YES;
				GCC_WARN_64_TO_32_BIT_CONVERSION = YES;
				GCC_WARN_ABOUT_RETURN_TYPE = YES_ERROR;
				GCC_WARN_UNDECLARED_SELECTOR = YES;
				GCC_WARN_UNINITIALIZED_AUTOS = YES_AGGRESSIVE;
				GCC_WARN_UNUSED_FUNCTION = YES;
				GCC_WARN_UNUSED_VARIABLE = YES;
				IPHONEOS_DEPLOYMENT_TARGET = 14.4;
				MTL_ENABLE_DEBUG_INFO = NO;
				MTL_FAST_MATH = YES;
				SDKROOT = iphoneos;
				SWIFT_COMPILATION_MODE = wholemodule;
				SWIFT_OPTIMIZATION_LEVEL = "-O";
				VALIDATE_PRODUCT = YES;
			};
			name = Release;
		};
		888792EF2617385700BDAFC9 /* Debug */ = {
			isa = XCBuildConfiguration;
			buildSettings = {
				ASSETCATALOG_COMPILER_APPICON_NAME = AppIcon;
				ASSETCATALOG_COMPILER_GLOBAL_ACCENT_COLOR_NAME = AccentColor;
				CODE_SIGN_STYLE = Automatic;
				DEVELOPMENT_ASSET_PATHS = "\"Devote/Preview Content\"";
				DEVELOPMENT_TEAM = 238CXC7DZ6;
				ENABLE_PREVIEWS = YES;
				INFOPLIST_FILE = Devote/Info.plist;
				IPHONEOS_DEPLOYMENT_TARGET = 14.0;
				LD_RUNPATH_SEARCH_PATHS = (
					"$(inherited)",
					"@executable_path/Frameworks",
				);
				PRODUCT_BUNDLE_IDENTIFIER = com.yusufcaglar.Devote;
				PRODUCT_NAME = "$(TARGET_NAME)";
				SWIFT_VERSION = 5.0;
				TARGETED_DEVICE_FAMILY = "1,2";
			};
			name = Debug;
		};
		888792F02617385700BDAFC9 /* Release */ = {
			isa = XCBuildConfiguration;
			buildSettings = {
				ASSETCATALOG_COMPILER_APPICON_NAME = AppIcon;
				ASSETCATALOG_COMPILER_GLOBAL_ACCENT_COLOR_NAME = AccentColor;
				CODE_SIGN_STYLE = Automatic;
				DEVELOPMENT_ASSET_PATHS = "\"Devote/Preview Content\"";
				DEVELOPMENT_TEAM = 238CXC7DZ6;
				ENABLE_PREVIEWS = YES;
				INFOPLIST_FILE = Devote/Info.plist;
				IPHONEOS_DEPLOYMENT_TARGET = 14.0;
				LD_RUNPATH_SEARCH_PATHS = (
					"$(inherited)",
					"@executable_path/Frameworks",
				);
				PRODUCT_BUNDLE_IDENTIFIER = com.yusufcaglar.Devote;
				PRODUCT_NAME = "$(TARGET_NAME)";
				SWIFT_VERSION = 5.0;
				TARGETED_DEVICE_FAMILY = "1,2";
			};
			name = Release;
		};
/* End XCBuildConfiguration section */

/* Begin XCConfigurationList section */
		888792D52617385700BDAFC9 /* Build configuration list for PBXProject "Devote" */ = {
			isa = XCConfigurationList;
			buildConfigurations = (
				888792EC2617385700BDAFC9 /* Debug */,
				888792ED2617385700BDAFC9 /* Release */,
			);
			defaultConfigurationIsVisible = 0;
			defaultConfigurationName = Release;
		};
		888792EE2617385700BDAFC9 /* Build configuration list for PBXNativeTarget "Devote" */ = {
			isa = XCConfigurationList;
			buildConfigurations = (
				888792EF2617385700BDAFC9 /* Debug */,
				888792F02617385700BDAFC9 /* Release */,
			);
			defaultConfigurationIsVisible = 0;
			defaultConfigurationName = Release;
		};
/* End XCConfigurationList section */

/* Begin XCVersionGroup section */
		888792E82617385700BDAFC9 /* Devote.xcdatamodeld */ = {
			isa = XCVersionGroup;
			children = (
				888792E92617385700BDAFC9 /* Devote.xcdatamodel */,
			);
			currentVersion = 888792E92617385700BDAFC9 /* Devote.xcdatamodel */;
			path = Devote.xcdatamodeld;
			sourceTree = "<group>";
			versionGroupType = wrapper.xcdatamodel;
		};
/* End XCVersionGroup section */
	};
	rootObject = 888792D22617385700BDAFC9 /* Project object */;
}
